
Microsoft Visual Studio Solution File, Format Version 12.00
# Visual Studio Version 16
VisualStudioVersion = 16.0.29806.167
MinimumVisualStudioVersion = 10.0.40219.1
Project("{FAE04EC0-301F-11D3-BF4B-00C04F79EFBC}") = "ConsulConsoleIOpts", "ConsulConsoleIOpts.csproj", "{53902E23-2B63-4911-8085-02B28C510CD6}"
EndProject
Global
	GlobalSection(SolutionConfigurationPlatforms) = preSolution
		Debug|Any CPU = Debug|Any CPU
		Release|Any CPU = Release|Any CPU
	EndGlobalSection
	GlobalSection(ProjectConfigurationPlatforms) = postSolution
		{53902E23-2B63-4911-8085-02B28C510CD6}.Debug|Any CPU.ActiveCfg = Debug|Any CPU
		{53902E23-2B63-4911-8085-02B28C510CD6}.Debug|Any CPU.Build.0 = Debug|Any CPU
		{53902E23-2B63-4911-8085-02B28C510CD6}.Release|Any CPU.ActiveCfg = Release|Any CPU
		{53902E23-2B63-4911-8085-02B28C510CD6}.Release|Any CPU.Build.0 = Release|Any CPU
	EndGlobalSection
	GlobalSection(SolutionProperties) = preSolution
		HideSolutionNode = FALSE
	EndGlobalSection
	GlobalSection(ExtensibilityGlobals) = postSolution
		SolutionGuid = {D1AAF14A-0CCF-4AEF-B2B0-8676B4C02F42}
	EndGlobalSection
EndGlobal
